// !$*UTF8*$!
{
	archiveVersion = 1;
	classes = {
	};
	objectVersion = 56;
	objects = {

/* Begin PBXBuildFile section */
		5A48371D2DD783F100738E51 /* Sidebar.swift in Sources */ = {isa = PBXBuildFile; fileRef = 5A48371C2DD783E900738E51 /* Sidebar.swift */; };
		5A4864BA2DD7E21E00738E51 /* SidebarViewController.swift in Sources */ = {isa = PBXBuildFile; fileRef = 5A4864B92DD7E21A00738E51 /* SidebarViewController.swift */; };
		5A4864BC2DD7E78200738E51 /* SidebarContentProvider.swift in Sources */ = {isa = PBXBuildFile; fileRef = 5A4864BB2DD7E77E00738E51 /* SidebarContentProvider.swift */; };
		5A4864BE2DD7E8D100738E51 /* SidebarCoordinator.swift in Sources */ = {isa = PBXBuildFile; fileRef = 5A4864BD2DD7E8BD00738E51 /* SidebarCoordinator.swift */; };
		5A4864C02DD7EB5D00738E51 /* SidebarPreview.swift in Sources */ = {isa = PBXBuildFile; fileRef = 5A4864BF2DD7EB5B00738E51 /* SidebarPreview.swift */; };
		5A4864C22DD7ED9200738E51 /* Sidebar+Cell.swift in Sources */ = {isa = PBXBuildFile; fileRef = 5A4864C12DD7ED8800738E51 /* Sidebar+Cell.swift */; };
		5A4864C42DD8DBEA00738E51 /* Sidebar+Menu.swift in Sources */ = {isa = PBXBuildFile; fileRef = 5A4864C32DD8DBE600738E51 /* Sidebar+Menu.swift */; };
		5A4864C62DD8E3FA00738E51 /* HostingMenuTableView.swift in Sources */ = {isa = PBXBuildFile; fileRef = 5A4864C52DD8E3F500738E51 /* HostingMenuTableView.swift */; };
		5A4C45EB2C3600800033066D /* Conlang.swift in Sources */ = {isa = PBXBuildFile; fileRef = 5A4C45EA2C36007F0033066D /* Conlang.swift */; };
		5A4C45ED2C36014A0033066D /* PreviewContainer.swift in Sources */ = {isa = PBXBuildFile; fileRef = 5A4C45EC2C36014A0033066D /* PreviewContainer.swift */; };
		5A4C45EF2C36065C0033066D /* ModelContext+Validation.swift in Sources */ = {isa = PBXBuildFile; fileRef = 5A4C45EE2C36065C0033066D /* ModelContext+Validation.swift */; };
		5A4C45F12C360C1D0033066D /* Word.swift in Sources */ = {isa = PBXBuildFile; fileRef = 5A4C45F02C360C1D0033066D /* Word.swift */; };
		5A4C45F32C3613F30033066D /* ModelValidationView.swift in Sources */ = {isa = PBXBuildFile; fileRef = 5A4C45F22C3613F30033066D /* ModelValidationView.swift */; };
		5A4C45F52C3721210033066D /* PreviewWrapper.swift in Sources */ = {isa = PBXBuildFile; fileRef = 5A4C45F42C3721210033066D /* PreviewWrapper.swift */; };
		5A6948212C39024F00646062 /* DefinitionEditor.swift in Sources */ = {isa = PBXBuildFile; fileRef = 5A6948202C39024F00646062 /* DefinitionEditor.swift */; };
		5A6948232C3909D500646062 /* WindowFrame.swift in Sources */ = {isa = PBXBuildFile; fileRef = 5A6948222C3909D500646062 /* WindowFrame.swift */; };
		5A6E79412C389C2C00F616C6 /* LexiconDetailView.swift in Sources */ = {isa = PBXBuildFile; fileRef = 5A6E79402C389C2C00F616C6 /* LexiconDetailView.swift */; };
		5A6E79432C38A10A00F616C6 /* WordEditor.swift in Sources */ = {isa = PBXBuildFile; fileRef = 5A6E79422C38A10A00F616C6 /* WordEditor.swift */; };
		5A6E79452C38A34B00F616C6 /* Definition.swift in Sources */ = {isa = PBXBuildFile; fileRef = 5A6E79442C38A34B00F616C6 /* Definition.swift */; };
		5A7E320D2C3B4F0300CC8F7B /* PartOfSpeech.swift in Sources */ = {isa = PBXBuildFile; fileRef = 5A7E320C2C3B4F0300CC8F7B /* PartOfSpeech.swift */; };
		5A7E320F2C3B515700CC8F7B /* ModelSelectionSidebar.swift in Sources */ = {isa = PBXBuildFile; fileRef = 5A7E320E2C3B515700CC8F7B /* ModelSelectionSidebar.swift */; };
		5ABAECB72DD6F340001F6D0C /* ModelActor.swift in Sources */ = {isa = PBXBuildFile; fileRef = 5ABAECB62DD6F33B001F6D0C /* ModelActor.swift */; };
		5ACA998E2C3B279E00A3B857 /* BottomBar.swift in Sources */ = {isa = PBXBuildFile; fileRef = 5ACA998D2C3B279E00A3B857 /* BottomBar.swift */; };
		5AFE6A542C35FB3000A57CDF /* ConlangBuilderApp.swift in Sources */ = {isa = PBXBuildFile; fileRef = 5AFE6A532C35FB3000A57CDF /* ConlangBuilderApp.swift */; };
		5AFE6A562C35FB3000A57CDF /* ContentView.swift in Sources */ = {isa = PBXBuildFile; fileRef = 5AFE6A552C35FB3000A57CDF /* ContentView.swift */; };
		5AFE6A5A2C35FB3100A57CDF /* Assets.xcassets in Resources */ = {isa = PBXBuildFile; fileRef = 5AFE6A592C35FB3100A57CDF /* Assets.xcassets */; };
		5AFE6A5D2C35FB3100A57CDF /* Preview Assets.xcassets in Resources */ = {isa = PBXBuildFile; fileRef = 5AFE6A5C2C35FB3100A57CDF /* Preview Assets.xcassets */; };
		5AFE6A652C35FC7B00A57CDF /* UTTypes.swift in Sources */ = {isa = PBXBuildFile; fileRef = 5AFE6A642C35FC7B00A57CDF /* UTTypes.swift */; };
		5AFE6A692C35FE6B00A57CDF /* ConlangVersionedSchema.swift in Sources */ = {isa = PBXBuildFile; fileRef = 5AFE6A682C35FE6B00A57CDF /* ConlangVersionedSchema.swift */; };
/* End PBXBuildFile section */

/* Begin PBXFileReference section */
		5A48371C2DD783E900738E51 /* Sidebar.swift */ = {isa = PBXFileReference; lastKnownFileType = sourcecode.swift; path = Sidebar.swift; sourceTree = "<group>"; };
		5A4864B92DD7E21A00738E51 /* SidebarViewController.swift */ = {isa = PBXFileReference; lastKnownFileType = sourcecode.swift; path = SidebarViewController.swift; sourceTree = "<group>"; };
		5A4864BB2DD7E77E00738E51 /* SidebarContentProvider.swift */ = {isa = PBXFileReference; lastKnownFileType = sourcecode.swift; path = SidebarContentProvider.swift; sourceTree = "<group>"; };
		5A4864BD2DD7E8BD00738E51 /* SidebarCoordinator.swift */ = {isa = PBXFileReference; lastKnownFileType = sourcecode.swift; path = SidebarCoordinator.swift; sourceTree = "<group>"; };
		5A4864BF2DD7EB5B00738E51 /* SidebarPreview.swift */ = {isa = PBXFileReference; lastKnownFileType = sourcecode.swift; path = SidebarPreview.swift; sourceTree = "<group>"; };
		5A4864C12DD7ED8800738E51 /* Sidebar+Cell.swift */ = {isa = PBXFileReference; lastKnownFileType = sourcecode.swift; path = "Sidebar+Cell.swift"; sourceTree = "<group>"; };
		5A4864C32DD8DBE600738E51 /* Sidebar+Menu.swift */ = {isa = PBXFileReference; lastKnownFileType = sourcecode.swift; path = "Sidebar+Menu.swift"; sourceTree = "<group>"; };
		5A4864C52DD8E3F500738E51 /* HostingMenuTableView.swift */ = {isa = PBXFileReference; lastKnownFileType = sourcecode.swift; path = HostingMenuTableView.swift; sourceTree = "<group>"; };
		5A4C45EA2C36007F0033066D /* Conlang.swift */ = {isa = PBXFileReference; lastKnownFileType = sourcecode.swift; path = Conlang.swift; sourceTree = "<group>"; };
		5A4C45EC2C36014A0033066D /* PreviewContainer.swift */ = {isa = PBXFileReference; lastKnownFileType = sourcecode.swift; path = PreviewContainer.swift; sourceTree = "<group>"; };
		5A4C45EE2C36065C0033066D /* ModelContext+Validation.swift */ = {isa = PBXFileReference; lastKnownFileType = sourcecode.swift; path = "ModelContext+Validation.swift"; sourceTree = "<group>"; };
		5A4C45F02C360C1D0033066D /* Word.swift */ = {isa = PBXFileReference; lastKnownFileType = sourcecode.swift; path = Word.swift; sourceTree = "<group>"; };
		5A4C45F22C3613F30033066D /* ModelValidationView.swift */ = {isa = PBXFileReference; lastKnownFileType = sourcecode.swift; path = ModelValidationView.swift; sourceTree = "<group>"; };
		5A4C45F42C3721210033066D /* PreviewWrapper.swift */ = {isa = PBXFileReference; lastKnownFileType = sourcecode.swift; path = PreviewWrapper.swift; sourceTree = "<group>"; };
		5A6948202C39024F00646062 /* DefinitionEditor.swift */ = {isa = PBXFileReference; lastKnownFileType = sourcecode.swift; path = DefinitionEditor.swift; sourceTree = "<group>"; };
		5A6948222C3909D500646062 /* WindowFrame.swift */ = {isa = PBXFileReference; lastKnownFileType = sourcecode.swift; path = WindowFrame.swift; sourceTree = "<group>"; };
		5A6E79402C389C2C00F616C6 /* LexiconDetailView.swift */ = {isa = PBXFileReference; lastKnownFileType = sourcecode.swift; path = LexiconDetailView.swift; sourceTree = "<group>"; };
		5A6E79422C38A10A00F616C6 /* WordEditor.swift */ = {isa = PBXFileReference; lastKnownFileType = sourcecode.swift; path = WordEditor.swift; sourceTree = "<group>"; };
		5A6E79442C38A34B00F616C6 /* Definition.swift */ = {isa = PBXFileReference; lastKnownFileType = sourcecode.swift; path = Definition.swift; sourceTree = "<group>"; };
		5A7E320C2C3B4F0300CC8F7B /* PartOfSpeech.swift */ = {isa = PBXFileReference; lastKnownFileType = sourcecode.swift; path = PartOfSpeech.swift; sourceTree = "<group>"; };
		5A7E320E2C3B515700CC8F7B /* ModelSelectionSidebar.swift */ = {isa = PBXFileReference; lastKnownFileType = sourcecode.swift; path = ModelSelectionSidebar.swift; sourceTree = "<group>"; };
		5ABAECB62DD6F33B001F6D0C /* ModelActor.swift */ = {isa = PBXFileReference; lastKnownFileType = sourcecode.swift; path = ModelActor.swift; sourceTree = "<group>"; };
		5ACA998D2C3B279E00A3B857 /* BottomBar.swift */ = {isa = PBXFileReference; lastKnownFileType = sourcecode.swift; path = BottomBar.swift; sourceTree = "<group>"; };
		5AFE6A502C35FB3000A57CDF /* ConlangBuilder.app */ = {isa = PBXFileReference; explicitFileType = wrapper.application; includeInIndex = 0; path = ConlangBuilder.app; sourceTree = BUILT_PRODUCTS_DIR; };
		5AFE6A532C35FB3000A57CDF /* ConlangBuilderApp.swift */ = {isa = PBXFileReference; lastKnownFileType = sourcecode.swift; path = ConlangBuilderApp.swift; sourceTree = "<group>"; };
		5AFE6A552C35FB3000A57CDF /* ContentView.swift */ = {isa = PBXFileReference; lastKnownFileType = sourcecode.swift; path = ContentView.swift; sourceTree = "<group>"; };
		5AFE6A592C35FB3100A57CDF /* Assets.xcassets */ = {isa = PBXFileReference; lastKnownFileType = folder.assetcatalog; path = Assets.xcassets; sourceTree = "<group>"; };
		5AFE6A5C2C35FB3100A57CDF /* Preview Assets.xcassets */ = {isa = PBXFileReference; lastKnownFileType = folder.assetcatalog; path = "Preview Assets.xcassets"; sourceTree = "<group>"; };
		5AFE6A5E2C35FB3100A57CDF /* ConlangBuilder.entitlements */ = {isa = PBXFileReference; lastKnownFileType = text.plist.entitlements; path = ConlangBuilder.entitlements; sourceTree = "<group>"; };
		5AFE6A642C35FC7B00A57CDF /* UTTypes.swift */ = {isa = PBXFileReference; lastKnownFileType = sourcecode.swift; path = UTTypes.swift; sourceTree = "<group>"; };
		5AFE6A662C35FCC900A57CDF /* Info.plist */ = {isa = PBXFileReference; lastKnownFileType = text.plist; path = Info.plist; sourceTree = "<group>"; };
		5AFE6A682C35FE6B00A57CDF /* ConlangVersionedSchema.swift */ = {isa = PBXFileReference; lastKnownFileType = sourcecode.swift; path = ConlangVersionedSchema.swift; sourceTree = "<group>"; };
/* End PBXFileReference section */

/* Begin PBXFrameworksBuildPhase section */
		5AFE6A4D2C35FB3000A57CDF /* Frameworks */ = {
			isa = PBXFrameworksBuildPhase;
			buildActionMask = 2147483647;
			files = (
			);
			runOnlyForDeploymentPostprocessing = 0;
		};
/* End PBXFrameworksBuildPhase section */

/* Begin PBXGroup section */
		5A48371B2DD783DE00738E51 /* Sidebars */ = {
			isa = PBXGroup;
			children = (
				5A48371C2DD783E900738E51 /* Sidebar.swift */,
				5A4864C12DD7ED8800738E51 /* Sidebar+Cell.swift */,
				5A4864C32DD8DBE600738E51 /* Sidebar+Menu.swift */,
				5A4864BF2DD7EB5B00738E51 /* SidebarPreview.swift */,
				5A4864BD2DD7E8BD00738E51 /* SidebarCoordinator.swift */,
				5A4864B92DD7E21A00738E51 /* SidebarViewController.swift */,
				5A4864BB2DD7E77E00738E51 /* SidebarContentProvider.swift */,
			);
			path = Sidebars;
			sourceTree = "<group>";
		};
		5A6E79062C3894E000F616C6 /* Lexicon */ = {
			isa = PBXGroup;
			children = (
				5A6E79402C389C2C00F616C6 /* LexiconDetailView.swift */,
				5A6E79422C38A10A00F616C6 /* WordEditor.swift */,
				5A6948202C39024F00646062 /* DefinitionEditor.swift */,
			);
			path = Lexicon;
			sourceTree = "<group>";
		};
		5A6E79092C38970500F616C6 /* Support */ = {
			isa = PBXGroup;
			children = (
				5A4C45F22C3613F30033066D /* ModelValidationView.swift */,
				5ACA998D2C3B279E00A3B857 /* BottomBar.swift */,
				5A4C45F42C3721210033066D /* PreviewWrapper.swift */,
				5A6948222C3909D500646062 /* WindowFrame.swift */,
				5A4864C52DD8E3F500738E51 /* HostingMenuTableView.swift */,
				5A48371B2DD783DE00738E51 /* Sidebars */,
			);
			path = Support;
			sourceTree = "<group>";
		};
		5A7E320B2C3B4EED00CC8F7B /* PartOfSpeech */ = {
			isa = PBXGroup;
			children = (
			);
			path = PartOfSpeech;
			sourceTree = "<group>";
		};
		5AFE6A472C35FB3000A57CDF = {
			isa = PBXGroup;
			children = (
				5AFE6A522C35FB3000A57CDF /* ConlangBuilder */,
				5AFE6A512C35FB3000A57CDF /* Products */,
			);
			sourceTree = "<group>";
		};
		5AFE6A512C35FB3000A57CDF /* Products */ = {
			isa = PBXGroup;
			children = (
				5AFE6A502C35FB3000A57CDF /* ConlangBuilder.app */,
			);
			name = Products;
			sourceTree = "<group>";
		};
		5AFE6A522C35FB3000A57CDF /* ConlangBuilder */ = {
			isa = PBXGroup;
			children = (
				5AFE6A662C35FCC900A57CDF /* Info.plist */,
				5AFE6A532C35FB3000A57CDF /* ConlangBuilderApp.swift */,
				5AFE6A6B2C35FF3200A57CDF /* Models */,
				5AFE6A6A2C35FF2D00A57CDF /* Views */,
				5AFE6A672C35FE5E00A57CDF /* Support */,
				5AFE6A592C35FB3100A57CDF /* Assets.xcassets */,
				5AFE6A5E2C35FB3100A57CDF /* ConlangBuilder.entitlements */,
				5AFE6A5B2C35FB3100A57CDF /* Preview Content */,
			);
			path = ConlangBuilder;
			sourceTree = "<group>";
		};
		5AFE6A5B2C35FB3100A57CDF /* Preview Content */ = {
			isa = PBXGroup;
			children = (
				5AFE6A5C2C35FB3100A57CDF /* Preview Assets.xcassets */,
			);
			path = "Preview Content";
			sourceTree = "<group>";
		};
		5AFE6A672C35FE5E00A57CDF /* Support */ = {
			isa = PBXGroup;
			children = (
				5AFE6A682C35FE6B00A57CDF /* ConlangVersionedSchema.swift */,
				5A4C45EE2C36065C0033066D /* ModelContext+Validation.swift */,
				5A4C45EC2C36014A0033066D /* PreviewContainer.swift */,
				5AFE6A642C35FC7B00A57CDF /* UTTypes.swift */,
				5ABAECB62DD6F33B001F6D0C /* ModelActor.swift */,
			);
			path = Support;
			sourceTree = "<group>";
		};
		5AFE6A6A2C35FF2D00A57CDF /* Views */ = {
			isa = PBXGroup;
			children = (
				5AFE6A552C35FB3000A57CDF /* ContentView.swift */,
				5A7E320E2C3B515700CC8F7B /* ModelSelectionSidebar.swift */,
				5A7E320B2C3B4EED00CC8F7B /* PartOfSpeech */,
				5A6E79062C3894E000F616C6 /* Lexicon */,
				5A6E79092C38970500F616C6 /* Support */,
			);
			path = Views;
			sourceTree = "<group>";
		};
		5AFE6A6B2C35FF3200A57CDF /* Models */ = {
			isa = PBXGroup;
			children = (
				5A4C45EA2C36007F0033066D /* Conlang.swift */,
				5A4C45F02C360C1D0033066D /* Word.swift */,
				5A6E79442C38A34B00F616C6 /* Definition.swift */,
				5A7E320C2C3B4F0300CC8F7B /* PartOfSpeech.swift */,
			);
			path = Models;
			sourceTree = "<group>";
		};
/* End PBXGroup section */

/* Begin PBXNativeTarget section */
		5AFE6A4F2C35FB3000A57CDF /* ConlangBuilder */ = {
			isa = PBXNativeTarget;
			buildConfigurationList = 5AFE6A612C35FB3100A57CDF /* Build configuration list for PBXNativeTarget "ConlangBuilder" */;
			buildPhases = (
				5AFE6A4C2C35FB3000A57CDF /* Sources */,
				5AFE6A4D2C35FB3000A57CDF /* Frameworks */,
				5AFE6A4E2C35FB3000A57CDF /* Resources */,
			);
			buildRules = (
			);
			dependencies = (
				5A6E78D12C38857400F616C6 /* PBXTargetDependency */,
			);
			name = ConlangBuilder;
			productName = ConlangBuilder;
			productReference = 5AFE6A502C35FB3000A57CDF /* ConlangBuilder.app */;
			productType = "com.apple.product-type.application";
		};
/* End PBXNativeTarget section */

/* Begin PBXProject section */
		5AFE6A482C35FB3000A57CDF /* Project object */ = {
			isa = PBXProject;
			attributes = {
				BuildIndependentTargetsInParallel = 1;
				LastSwiftUpdateCheck = 1540;
				LastUpgradeCheck = 1630;
				TargetAttributes = {
					5AFE6A4F2C35FB3000A57CDF = {
						CreatedOnToolsVersion = 15.4;
					};
				};
			};
			buildConfigurationList = 5AFE6A4B2C35FB3000A57CDF /* Build configuration list for PBXProject "ConlangBuilder" */;
			compatibilityVersion = "Xcode 14.0";
			developmentRegion = en;
			hasScannedForEncodings = 0;
			knownRegions = (
				en,
				Base,
			);
			mainGroup = 5AFE6A472C35FB3000A57CDF;
			packageReferences = (
				5A6E78CF2C38852800F616C6 /* XCRemoteSwiftPackageReference "SwiftLintPlugins" */,
			);
			productRefGroup = 5AFE6A512C35FB3000A57CDF /* Products */;
			projectDirPath = "";
			projectRoot = "";
			targets = (
				5AFE6A4F2C35FB3000A57CDF /* ConlangBuilder */,
			);
		};
/* End PBXProject section */

/* Begin PBXResourcesBuildPhase section */
		5AFE6A4E2C35FB3000A57CDF /* Resources */ = {
			isa = PBXResourcesBuildPhase;
			buildActionMask = 2147483647;
			files = (
				5AFE6A5D2C35FB3100A57CDF /* Preview Assets.xcassets in Resources */,
				5AFE6A5A2C35FB3100A57CDF /* Assets.xcassets in Resources */,
			);
			runOnlyForDeploymentPostprocessing = 0;
		};
/* End PBXResourcesBuildPhase section */

/* Begin PBXSourcesBuildPhase section */
		5AFE6A4C2C35FB3000A57CDF /* Sources */ = {
			isa = PBXSourcesBuildPhase;
			buildActionMask = 2147483647;
			files = (
				5A6E79432C38A10A00F616C6 /* WordEditor.swift in Sources */,
				5A4864C02DD7EB5D00738E51 /* SidebarPreview.swift in Sources */,
				5A4C45ED2C36014A0033066D /* PreviewContainer.swift in Sources */,
				5A4864C22DD7ED9200738E51 /* Sidebar+Cell.swift in Sources */,
				5A4C45F12C360C1D0033066D /* Word.swift in Sources */,
				5AFE6A692C35FE6B00A57CDF /* ConlangVersionedSchema.swift in Sources */,
				5A6E79452C38A34B00F616C6 /* Definition.swift in Sources */,
				5A4864C42DD8DBEA00738E51 /* Sidebar+Menu.swift in Sources */,
				5A6948232C3909D500646062 /* WindowFrame.swift in Sources */,
				5A4864C62DD8E3FA00738E51 /* HostingMenuTableView.swift in Sources */,
				5AFE6A562C35FB3000A57CDF /* ContentView.swift in Sources */,
				5A48371D2DD783F100738E51 /* Sidebar.swift in Sources */,
				5A6948212C39024F00646062 /* DefinitionEditor.swift in Sources */,
				5A7E320D2C3B4F0300CC8F7B /* PartOfSpeech.swift in Sources */,
				5ABAECB72DD6F340001F6D0C /* ModelActor.swift in Sources */,
				5A4864BE2DD7E8D100738E51 /* SidebarCoordinator.swift in Sources */,
				5A4C45F52C3721210033066D /* PreviewWrapper.swift in Sources */,
				5A4C45F32C3613F30033066D /* ModelValidationView.swift in Sources */,
				5ACA998E2C3B279E00A3B857 /* BottomBar.swift in Sources */,
				5A6E79412C389C2C00F616C6 /* LexiconDetailView.swift in Sources */,
				5A4C45EB2C3600800033066D /* Conlang.swift in Sources */,
				5AFE6A542C35FB3000A57CDF /* ConlangBuilderApp.swift in Sources */,
				5A4864BA2DD7E21E00738E51 /* SidebarViewController.swift in Sources */,
				5A7E320F2C3B515700CC8F7B /* ModelSelectionSidebar.swift in Sources */,
				5AFE6A652C35FC7B00A57CDF /* UTTypes.swift in Sources */,
				5A4C45EF2C36065C0033066D /* ModelContext+Validation.swift in Sources */,
				5A4864BC2DD7E78200738E51 /* SidebarContentProvider.swift in Sources */,
			);
			runOnlyForDeploymentPostprocessing = 0;
		};
/* End PBXSourcesBuildPhase section */

/* Begin PBXTargetDependency section */
		5A6E78D12C38857400F616C6 /* PBXTargetDependency */ = {
			isa = PBXTargetDependency;
			productRef = 5A6E78D02C38857400F616C6 /* SwiftLintBuildToolPlugin */;
		};
/* End PBXTargetDependency section */

/* Begin XCBuildConfiguration section */
		5AFE6A5F2C35FB3100A57CDF /* Debug */ = {
			isa = XCBuildConfiguration;
			buildSettings = {
				ALWAYS_SEARCH_USER_PATHS = NO;
				ASSETCATALOG_COMPILER_GENERATE_SWIFT_ASSET_SYMBOL_EXTENSIONS = YES;
				CLANG_ANALYZER_NONNULL = YES;
				CLANG_ANALYZER_NUMBER_OBJECT_CONVERSION = YES_AGGRESSIVE;
				CLANG_CXX_LANGUAGE_STANDARD = "gnu++20";
				CLANG_ENABLE_MODULES = YES;
				CLANG_ENABLE_OBJC_ARC = YES;
				CLANG_ENABLE_OBJC_WEAK = YES;
				CLANG_WARN_BLOCK_CAPTURE_AUTORELEASING = YES;
				CLANG_WARN_BOOL_CONVERSION = YES;
				CLANG_WARN_COMMA = YES;
				CLANG_WARN_CONSTANT_CONVERSION = YES;
				CLANG_WARN_DEPRECATED_OBJC_IMPLEMENTATIONS = YES;
				CLANG_WARN_DIRECT_OBJC_ISA_USAGE = YES_ERROR;
				CLANG_WARN_DOCUMENTATION_COMMENTS = YES;
				CLANG_WARN_EMPTY_BODY = YES;
				CLANG_WARN_ENUM_CONVERSION = YES;
				CLANG_WARN_INFINITE_RECURSION = YES;
				CLANG_WARN_INT_CONVERSION = YES;
				CLANG_WARN_NON_LITERAL_NULL_CONVERSION = YES;
				CLANG_WARN_OBJC_IMPLICIT_RETAIN_SELF = YES;
				CLANG_WARN_OBJC_LITERAL_CONVERSION = YES;
				CLANG_WARN_OBJC_ROOT_CLASS = YES_ERROR;
				CLANG_WARN_QUOTED_INCLUDE_IN_FRAMEWORK_HEADER = YES;
				CLANG_WARN_RANGE_LOOP_ANALYSIS = YES;
				CLANG_WARN_STRICT_PROTOTYPES = YES;
				CLANG_WARN_SUSPICIOUS_MOVE = YES;
				CLANG_WARN_UNGUARDED_AVAILABILITY = YES_AGGRESSIVE;
				CLANG_WARN_UNREACHABLE_CODE = YES;
				CLANG_WARN__DUPLICATE_METHOD_MATCH = YES;
				COPY_PHASE_STRIP = NO;
				DEAD_CODE_STRIPPING = YES;
				DEBUG_INFORMATION_FORMAT = dwarf;
				DEVELOPMENT_TEAM = 3ER597LK99;
				ENABLE_STRICT_OBJC_MSGSEND = YES;
				ENABLE_TESTABILITY = YES;
				ENABLE_USER_SCRIPT_SANDBOXING = YES;
				GCC_C_LANGUAGE_STANDARD = gnu17;
				GCC_DYNAMIC_NO_PIC = NO;
				GCC_NO_COMMON_BLOCKS = YES;
				GCC_OPTIMIZATION_LEVEL = 0;
				GCC_PREPROCESSOR_DEFINITIONS = (
					"DEBUG=1",
					"$(inherited)",
				);
				GCC_WARN_64_TO_32_BIT_CONVERSION = YES;
				GCC_WARN_ABOUT_RETURN_TYPE = YES_ERROR;
				GCC_WARN_UNDECLARED_SELECTOR = YES;
				GCC_WARN_UNINITIALIZED_AUTOS = YES_AGGRESSIVE;
				GCC_WARN_UNUSED_FUNCTION = YES;
				GCC_WARN_UNUSED_VARIABLE = YES;
				LOCALIZATION_PREFERS_STRING_CATALOGS = YES;
				MACOSX_DEPLOYMENT_TARGET = 14.4;
				MTL_ENABLE_DEBUG_INFO = INCLUDE_SOURCE;
				MTL_FAST_MATH = YES;
				ONLY_ACTIVE_ARCH = YES;
				SDKROOT = macosx;
				SWIFT_ACTIVE_COMPILATION_CONDITIONS = "DEBUG $(inherited)";
				SWIFT_OPTIMIZATION_LEVEL = "-Onone";
			};
			name = Debug;
		};
		5AFE6A602C35FB3100A57CDF /* Release */ = {
			isa = XCBuildConfiguration;
			buildSettings = {
				ALWAYS_SEARCH_USER_PATHS = NO;
				ASSETCATALOG_COMPILER_GENERATE_SWIFT_ASSET_SYMBOL_EXTENSIONS = YES;
				CLANG_ANALYZER_NONNULL = YES;
				CLANG_ANALYZER_NUMBER_OBJECT_CONVERSION = YES_AGGRESSIVE;
				CLANG_CXX_LANGUAGE_STANDARD = "gnu++20";
				CLANG_ENABLE_MODULES = YES;
				CLANG_ENABLE_OBJC_ARC = YES;
				CLANG_ENABLE_OBJC_WEAK = YES;
				CLANG_WARN_BLOCK_CAPTURE_AUTORELEASING = YES;
				CLANG_WARN_BOOL_CONVERSION = YES;
				CLANG_WARN_COMMA = YES;
				CLANG_WARN_CONSTANT_CONVERSION = YES;
				CLANG_WARN_DEPRECATED_OBJC_IMPLEMENTATIONS = YES;
				CLANG_WARN_DIRECT_OBJC_ISA_USAGE = YES_ERROR;
				CLANG_WARN_DOCUMENTATION_COMMENTS = YES;
				CLANG_WARN_EMPTY_BODY = YES;
				CLANG_WARN_ENUM_CONVERSION = YES;
				CLANG_WARN_INFINITE_RECURSION = YES;
				CLANG_WARN_INT_CONVERSION = YES;
				CLANG_WARN_NON_LITERAL_NULL_CONVERSION = YES;
				CLANG_WARN_OBJC_IMPLICIT_RETAIN_SELF = YES;
				CLANG_WARN_OBJC_LITERAL_CONVERSION = YES;
				CLANG_WARN_OBJC_ROOT_CLASS = YES_ERROR;
				CLANG_WARN_QUOTED_INCLUDE_IN_FRAMEWORK_HEADER = YES;
				CLANG_WARN_RANGE_LOOP_ANALYSIS = YES;
				CLANG_WARN_STRICT_PROTOTYPES = YES;
				CLANG_WARN_SUSPICIOUS_MOVE = YES;
				CLANG_WARN_UNGUARDED_AVAILABILITY = YES_AGGRESSIVE;
				CLANG_WARN_UNREACHABLE_CODE = YES;
				CLANG_WARN__DUPLICATE_METHOD_MATCH = YES;
				COPY_PHASE_STRIP = NO;
				DEAD_CODE_STRIPPING = YES;
				DEBUG_INFORMATION_FORMAT = "dwarf-with-dsym";
				DEVELOPMENT_TEAM = 3ER597LK99;
				ENABLE_NS_ASSERTIONS = NO;
				ENABLE_STRICT_OBJC_MSGSEND = YES;
				ENABLE_USER_SCRIPT_SANDBOXING = YES;
				GCC_C_LANGUAGE_STANDARD = gnu17;
				GCC_NO_COMMON_BLOCKS = YES;
				GCC_WARN_64_TO_32_BIT_CONVERSION = YES;
				GCC_WARN_ABOUT_RETURN_TYPE = YES_ERROR;
				GCC_WARN_UNDECLARED_SELECTOR = YES;
				GCC_WARN_UNINITIALIZED_AUTOS = YES_AGGRESSIVE;
				GCC_WARN_UNUSED_FUNCTION = YES;
				GCC_WARN_UNUSED_VARIABLE = YES;
				LOCALIZATION_PREFERS_STRING_CATALOGS = YES;
				MACOSX_DEPLOYMENT_TARGET = 14.4;
				MTL_ENABLE_DEBUG_INFO = NO;
				MTL_FAST_MATH = YES;
				SDKROOT = macosx;
				SWIFT_COMPILATION_MODE = wholemodule;
			};
			name = Release;
		};
		5AFE6A622C35FB3100A57CDF /* Debug */ = {
			isa = XCBuildConfiguration;
			buildSettings = {
				ASSETCATALOG_COMPILER_APPICON_NAME = AppIcon;
				ASSETCATALOG_COMPILER_GLOBAL_ACCENT_COLOR_NAME = AccentColor;
				CODE_SIGN_ENTITLEMENTS = ConlangBuilder/ConlangBuilder.entitlements;
				CODE_SIGN_STYLE = Automatic;
				COMBINE_HIDPI_IMAGES = YES;
				CURRENT_PROJECT_VERSION = 1;
				DEAD_CODE_STRIPPING = YES;
				DEVELOPMENT_ASSET_PATHS = "\"ConlangBuilder/Preview Content\"";
				ENABLE_HARDENED_RUNTIME = YES;
				ENABLE_PREVIEWS = YES;
				GENERATE_INFOPLIST_FILE = YES;
				INFOPLIST_FILE = ConlangBuilder/Info.plist;
				INFOPLIST_KEY_NSHumanReadableCopyright = "";
				LD_RUNPATH_SEARCH_PATHS = (
					"$(inherited)",
					"@executable_path/../Frameworks",
				);
				MACOSX_DEPLOYMENT_TARGET = 15.0;
				MARKETING_VERSION = 1.0;
				PRODUCT_BUNDLE_IDENTIFIER = com.cbarnes.ConlangBuilder;
				PRODUCT_NAME = "$(TARGET_NAME)";
				SWIFT_EMIT_LOC_STRINGS = YES;
				SWIFT_STRICT_CONCURRENCY = complete;
				SWIFT_UPCOMING_FEATURE_CONCISE_MAGIC_FILE = YES;
				SWIFT_UPCOMING_FEATURE_DEPRECATE_APPLICATION_MAIN = YES;
				SWIFT_UPCOMING_FEATURE_DISABLE_OUTWARD_ACTOR_ISOLATION = YES;
				SWIFT_UPCOMING_FEATURE_DYNAMIC_ACTOR_ISOLATION = YES;
				SWIFT_UPCOMING_FEATURE_EXISTENTIAL_ANY = YES;
				SWIFT_UPCOMING_FEATURE_FORWARD_TRAILING_CLOSURES = YES;
				SWIFT_UPCOMING_FEATURE_GLOBAL_ACTOR_ISOLATED_TYPES_USABILITY = YES;
				SWIFT_UPCOMING_FEATURE_GLOBAL_CONCURRENCY = YES;
				SWIFT_UPCOMING_FEATURE_IMPLICIT_OPEN_EXISTENTIALS = YES;
				SWIFT_UPCOMING_FEATURE_IMPORT_OBJC_FORWARD_DECLS = YES;
				SWIFT_UPCOMING_FEATURE_INFER_SENDABLE_FROM_CAPTURES = YES;
				SWIFT_UPCOMING_FEATURE_INTERNAL_IMPORTS_BY_DEFAULT = YES;
				SWIFT_UPCOMING_FEATURE_ISOLATED_DEFAULT_VALUES = YES;
				SWIFT_UPCOMING_FEATURE_MEMBER_IMPORT_VISIBILITY = YES;
				SWIFT_UPCOMING_FEATURE_NONFROZEN_ENUM_EXHAUSTIVITY = YES;
				SWIFT_UPCOMING_FEATURE_REGION_BASED_ISOLATION = YES;
				SWIFT_VERSION = 6.0;
			};
			name = Debug;
		};
		5AFE6A632C35FB3100A57CDF /* Release */ = {
			isa = XCBuildConfiguration;
			buildSettings = {
				ASSETCATALOG_COMPILER_APPICON_NAME = AppIcon;
				ASSETCATALOG_COMPILER_GLOBAL_ACCENT_COLOR_NAME = AccentColor;
				CODE_SIGN_ENTITLEMENTS = ConlangBuilder/ConlangBuilder.entitlements;
				CODE_SIGN_STYLE = Automatic;
				COMBINE_HIDPI_IMAGES = YES;
				CURRENT_PROJECT_VERSION = 1;
				DEAD_CODE_STRIPPING = YES;
				DEVELOPMENT_ASSET_PATHS = "\"ConlangBuilder/Preview Content\"";
				ENABLE_HARDENED_RUNTIME = YES;
				ENABLE_PREVIEWS = YES;
				GENERATE_INFOPLIST_FILE = YES;
				INFOPLIST_FILE = ConlangBuilder/Info.plist;
				INFOPLIST_KEY_NSHumanReadableCopyright = "";
				LD_RUNPATH_SEARCH_PATHS = (
					"$(inherited)",
					"@executable_path/../Frameworks",
				);
				MACOSX_DEPLOYMENT_TARGET = 15.0;
				MARKETING_VERSION = 1.0;
				PRODUCT_BUNDLE_IDENTIFIER = com.cbarnes.ConlangBuilder;
				PRODUCT_NAME = "$(TARGET_NAME)";
				SWIFT_EMIT_LOC_STRINGS = YES;
				SWIFT_STRICT_CONCURRENCY = complete;
				SWIFT_UPCOMING_FEATURE_CONCISE_MAGIC_FILE = YES;
				SWIFT_UPCOMING_FEATURE_DEPRECATE_APPLICATION_MAIN = YES;
				SWIFT_UPCOMING_FEATURE_DISABLE_OUTWARD_ACTOR_ISOLATION = YES;
				SWIFT_UPCOMING_FEATURE_DYNAMIC_ACTOR_ISOLATION = YES;
				SWIFT_UPCOMING_FEATURE_EXISTENTIAL_ANY = YES;
				SWIFT_UPCOMING_FEATURE_FORWARD_TRAILING_CLOSURES = YES;
				SWIFT_UPCOMING_FEATURE_GLOBAL_ACTOR_ISOLATED_TYPES_USABILITY = YES;
				SWIFT_UPCOMING_FEATURE_GLOBAL_CONCURRENCY = YES;
				SWIFT_UPCOMING_FEATURE_IMPLICIT_OPEN_EXISTENTIALS = YES;
				SWIFT_UPCOMING_FEATURE_IMPORT_OBJC_FORWARD_DECLS = YES;
				SWIFT_UPCOMING_FEATURE_INFER_SENDABLE_FROM_CAPTURES = YES;
				SWIFT_UPCOMING_FEATURE_INTERNAL_IMPORTS_BY_DEFAULT = YES;
				SWIFT_UPCOMING_FEATURE_ISOLATED_DEFAULT_VALUES = YES;
				SWIFT_UPCOMING_FEATURE_MEMBER_IMPORT_VISIBILITY = YES;
				SWIFT_UPCOMING_FEATURE_NONFROZEN_ENUM_EXHAUSTIVITY = YES;
				SWIFT_UPCOMING_FEATURE_REGION_BASED_ISOLATION = YES;
				SWIFT_VERSION = 6.0;
			};
			name = Release;
		};
/* End XCBuildConfiguration section */

/* Begin XCConfigurationList section */
		5AFE6A4B2C35FB3000A57CDF /* Build configuration list for PBXProject "ConlangBuilder" */ = {
			isa = XCConfigurationList;
			buildConfigurations = (
				5AFE6A5F2C35FB3100A57CDF /* Debug */,
				5AFE6A602C35FB3100A57CDF /* Release */,
			);
			defaultConfigurationIsVisible = 0;
			defaultConfigurationName = Release;
		};
		5AFE6A612C35FB3100A57CDF /* Build configuration list for PBXNativeTarget "ConlangBuilder" */ = {
			isa = XCConfigurationList;
			buildConfigurations = (
				5AFE6A622C35FB3100A57CDF /* Debug */,
				5AFE6A632C35FB3100A57CDF /* Release */,
			);
			defaultConfigurationIsVisible = 0;
			defaultConfigurationName = Release;
		};
/* End XCConfigurationList section */

/* Begin XCRemoteSwiftPackageReference section */
		5A6E78CF2C38852800F616C6 /* XCRemoteSwiftPackageReference "SwiftLintPlugins" */ = {
			isa = XCRemoteSwiftPackageReference;
			repositoryURL = "https://github.com/SimplyDanny/SwiftLintPlugins";
			requirement = {
				kind = upToNextMajorVersion;
				minimumVersion = 0.55.1;
			};
		};
/* End XCRemoteSwiftPackageReference section */

/* Begin XCSwiftPackageProductDependency section */
		5A6E78D02C38857400F616C6 /* SwiftLintBuildToolPlugin */ = {
			isa = XCSwiftPackageProductDependency;
			package = 5A6E78CF2C38852800F616C6 /* XCRemoteSwiftPackageReference "SwiftLintPlugins" */;
			productName = "plugin:SwiftLintBuildToolPlugin";
		};
/* End XCSwiftPackageProductDependency section */
	};
	rootObject = 5AFE6A482C35FB3000A57CDF /* Project object */;
}
